
Microsoft Visual Studio Solution File, Format Version 12.00
# Visual Studio Version 16
VisualStudioVersion = 16.0.30907.101
MinimumVisualStudioVersion = 10.0.40219.1
Project("{888888A0-9F3D-457C-B088-3A5042F75D52}") = "Krell's Kreations", "Krell's Kreations\Krell's Kreations.pyproj", "{F32B758E-C71A-462A-93C6-C3C086C5C699}"
EndProject
Global
	GlobalSection(SolutionConfigurationPlatforms) = preSolution
		Debug|Any CPU = Debug|Any CPU
		Release|Any CPU = Release|Any CPU
	EndGlobalSection
	GlobalSection(ProjectConfigurationPlatforms) = postSolution
		{F32B758E-C71A-462A-93C6-C3C086C5C699}.Debug|Any CPU.ActiveCfg = Debug|Any CPU
		{F32B758E-C71A-462A-93C6-C3C086C5C699}.Release|Any CPU.ActiveCfg = Release|Any CPU
	EndGlobalSection
	GlobalSection(SolutionProperties) = preSolution
		HideSolutionNode = FALSE
	EndGlobalSection
	GlobalSection(ExtensibilityGlobals) = postSolution
		SolutionGuid = {3FC27677-A3FF-4CC7-A7F7-89498CE7DE2E}
	EndGlobalSection
EndGlobal
